
Microsoft Visual Studio Solution File, Format Version 12.00
# Visual Studio Version 17
VisualStudioVersion = 17.2.32519.379
MinimumVisualStudioVersion = 10.0.40219.1
Project("{2150E333-8FDC-42A3-9474-1A3956D46DE8}") = "src", "src", "{63FB8FEF-6972-449E-8F6D-77BBC2D5F83F}"
EndProject
Project("{2150E333-8FDC-42A3-9474-1A3956D46DE8}") = "tests", "tests", "{E6C47A92-F13F-4D92-9514-59185F6CA4AB}"
EndProject
Project("{9A19103F-16F7-4668-BE54-9A1E7A4F7556}") = "Pico", "src\Pico\Pico.csproj", "{8E5819D8-D879-4325-9550-A6CB00B9CA0F}"
EndProject
Project("{9A19103F-16F7-4668-BE54-9A1E7A4F7556}") = "Pico.Tests", "tests\Pico.Tests\Pico.Tests.csproj", "{F20A9121-7086-4799-B841-7A90AA198D26}"
EndProject
Project("{9A19103F-16F7-4668-BE54-9A1E7A4F7556}") = "Pico.Abstractions", "src\Pico.Abstractions\Pico.Abstractions.csproj", "{0E9CCC76-6146-42A1-A72A-F5508D2E7721}"
EndProject
Project("{9A19103F-16F7-4668-BE54-9A1E7A4F7556}") = "Pico.Abstractions.Tests", "tests\Pico.Abstractions.Tests\Pico.Abstractions.Tests.csproj", "{096D9BEF-DC6B-48C1-80CD-FF2888F12084}"
EndProject
Global
	GlobalSection(SolutionConfigurationPlatforms) = preSolution
		Debug|Any CPU = Debug|Any CPU
		Release|Any CPU = Release|Any CPU
	EndGlobalSection
	GlobalSection(ProjectConfigurationPlatforms) = postSolution
		{8E5819D8-D879-4325-9550-A6CB00B9CA0F}.Debug|Any CPU.ActiveCfg = Debug|Any CPU
		{8E5819D8-D879-4325-9550-A6CB00B9CA0F}.Debug|Any CPU.Build.0 = Debug|Any CPU
		{8E5819D8-D879-4325-9550-A6CB00B9CA0F}.Release|Any CPU.ActiveCfg = Release|Any CPU
		{8E5819D8-D879-4325-9550-A6CB00B9CA0F}.Release|Any CPU.Build.0 = Release|Any CPU
		{F20A9121-7086-4799-B841-7A90AA198D26}.Debug|Any CPU.ActiveCfg = Debug|Any CPU
		{F20A9121-7086-4799-B841-7A90AA198D26}.Debug|Any CPU.Build.0 = Debug|Any CPU
		{F20A9121-7086-4799-B841-7A90AA198D26}.Release|Any CPU.ActiveCfg = Release|Any CPU
		{F20A9121-7086-4799-B841-7A90AA198D26}.Release|Any CPU.Build.0 = Release|Any CPU
		{0E9CCC76-6146-42A1-A72A-F5508D2E7721}.Debug|Any CPU.ActiveCfg = Debug|Any CPU
		{0E9CCC76-6146-42A1-A72A-F5508D2E7721}.Debug|Any CPU.Build.0 = Debug|Any CPU
		{0E9CCC76-6146-42A1-A72A-F5508D2E7721}.Release|Any CPU.ActiveCfg = Release|Any CPU
		{0E9CCC76-6146-42A1-A72A-F5508D2E7721}.Release|Any CPU.Build.0 = Release|Any CPU
		{096D9BEF-DC6B-48C1-80CD-FF2888F12084}.Debug|Any CPU.ActiveCfg = Debug|Any CPU
		{096D9BEF-DC6B-48C1-80CD-FF2888F12084}.Debug|Any CPU.Build.0 = Debug|Any CPU
		{096D9BEF-DC6B-48C1-80CD-FF2888F12084}.Release|Any CPU.ActiveCfg = Release|Any CPU
		{096D9BEF-DC6B-48C1-80CD-FF2888F12084}.Release|Any CPU.Build.0 = Release|Any CPU
	EndGlobalSection
	GlobalSection(SolutionProperties) = preSolution
		HideSolutionNode = FALSE
	EndGlobalSection
	GlobalSection(NestedProjects) = preSolution
		{8E5819D8-D879-4325-9550-A6CB00B9CA0F} = {63FB8FEF-6972-449E-8F6D-77BBC2D5F83F}
		{F20A9121-7086-4799-B841-7A90AA198D26} = {E6C47A92-F13F-4D92-9514-59185F6CA4AB}
		{0E9CCC76-6146-42A1-A72A-F5508D2E7721} = {63FB8FEF-6972-449E-8F6D-77BBC2D5F83F}
		{096D9BEF-DC6B-48C1-80CD-FF2888F12084} = {E6C47A92-F13F-4D92-9514-59185F6CA4AB}
	EndGlobalSection
	GlobalSection(ExtensibilityGlobals) = postSolution
		SolutionGuid = {13B3A201-F069-4E6C-A24E-4510E60D3924}
	EndGlobalSection
EndGlobal
